version = 1
revision = 3
requires-python = ">=3.13"

[[package]]
name = "certifi"
version = "2026.5.20"
source = { registry = "https://pypi.org/simple" }
sdist = { url = "https://files.pythonhosted.org/packages/f3/ce/ee2ecad540810a79593028e88299baeae54d346cc7a0d94b6199988b89b1/certifi-2026.5.20.tar.gz", hash = "sha256:69dea482ab64caa7b9f6aba1c6bf48bb6a5448d1c0f1b17ab42ad8c763a5344d", size = 135422, upload-time = "2026-05-20T11:46:50.073Z" }
wheels = [
    { url = "https://files.pythonhosted.org/packages/59/8c/57e832b7af6d7c5abe66eb3fbe3a3a32f4d11ea23a1aa7131371035be991/certifi-2026.5.20-py3-none-any.whl", hash = "sha256:3c52e209ba0a4ad7aebe60436a4ab349c39e1e602e8c134221e546902ad25897", size = 134134, upload-time = "2026-05-20T11:46:48.578Z" },
]

[[package]]
name = "charset-normalizer"
version = "3.4.7"
source = { registry = "https://pypi.org/simple" }
sdist = { url = "https://files.pythonhosted.org/packages/e7/a1/67fe25fac3c7642725500a3f6cfe5821ad557c3abb11c9d20d12c7008d3e/charset_normalizer-3.4.7.tar.gz", hash = "sha256:ae89db9e5f98a11a4bf50407d4363e7b09b31e55bc117b4f7d80aab97ba009e5", size = 144271, upload-time = "2026-04-02T09:28:39.342Z" }
wheels = [
    { url = "https://files.pythonhosted.org/packages/c1/3b/66777e39d3ae1ddc77ee606be4ec6d8cbd4c801f65e5a1b6f2b11b8346dd/charset_normalizer-3.4.7-cp313-cp313-macosx_10_13_universal2.whl", hash = "sha256:f496c9c3cc02230093d8330875c4c3cdfc3b73612a5fd921c65d39cbcef08063", size = 309627, upload-time = "2026-04-02T09:26:45.198Z" },
    { url = "https://files.pythonhosted.org/packages/2e/4e/b7f84e617b4854ade48a1b7915c8ccfadeba444d2a18c291f696e37f0d3b/charset_normalizer-3.4.7-cp313-cp313-manylinux2014_aarch64.manylinux_2_17_aarch64.manylinux_2_28_aarch64.whl", hash = "sha256:0ea948db76d31190bf08bd371623927ee1339d5f2a0b4b1b4a4439a65298703c", size = 207008, upload-time = "2026-04-02T09:26:46.824Z" },
    { url = "https://files.pythonhosted.org/packages/c4/bb/ec73c0257c9e11b268f018f068f5d00aa0ef8c8b09f7753ebd5f2880e248/charset_normalizer-3.4.7-cp313-cp313-manylinux2014_ppc64le.manylinux_2_17_ppc64le.manylinux_2_28_ppc64le.whl", hash = "sha256:a277ab8928b9f299723bc1a2dabb1265911b1a76341f90a510368ca44ad9ab66", size = 228303, upload-time = "2026-04-02T09:26:48.397Z" },
    { url = "https://files.pythonhosted.org/packages/85/fb/32d1f5033484494619f701e719429c69b766bfc4dbc61aa9e9c8c166528b/charset_normalizer-3.4.7-cp313-cp313-manylinux2014_s390x.manylinux_2_17_s390x.manylinux_2_28_s390x.whl", hash = "sha256:3bec022aec2c514d9cf199522a802bd007cd588ab17ab2525f20f9c34d067c18", size = 224282, upload-time = "2026-04-02T09:26:49.684Z" },
    { url = "https://files.pythonhosted.org/packages/fa/07/330e3a0dda4c404d6da83b327270906e9654a24f6c546dc886a0eb0ffb23/charset_normalizer-3.4.7-cp313-cp313-manylinux2014_x86_64.manylinux_2_17_x86_64.manylinux_2_28_x86_64.whl", hash = "sha256:e044c39e41b92c845bc815e5ae4230804e8e7bc29e399b0437d64222d92809dd", size = 215595, upload-time = "2026-04-02T09:26:50.915Z" },
    { url = "https://files.pythonhosted.org/packages/e3/7c/fc890655786e423f02556e0216d4b8c6bcb6bdfa890160dc66bf52dee468/charset_normalizer-3.4.7-cp313-cp313-manylinux_2_31_armv7l.whl", hash = "sha256:f495a1652cf3fbab2eb0639776dad966c2fb874d79d87ca07f9d5f059b8bd215", size = 201986, upload-time = "2026-04-02T09:26:52.197Z" },
    { url = "https://files.pythonhosted.org/packages/d8/97/bfb18b3db2aed3b90cf54dc292ad79fdd5ad65c4eae454099475cbeadd0d/charset_normalizer-3.4.7-cp313-cp313-manylinux_2_31_riscv64.manylinux_2_39_riscv64.whl", hash = "sha256:e712b419df8ba5e42b226c510472b37bd57b38e897d3eca5e8cfd410a29fa859", size = 211711, upload-time = "2026-04-02T09:26:53.49Z" },
    { url = "https://files.pythonhosted.org/packages/6f/a5/a581c13798546a7fd557c82614a5c65a13df2157e9ad6373166d2a3e645d/charset_normalizer-3.4.7-cp313-cp313-musllinux_1_2_aarch64.whl", hash = "sha256:7804338df6fcc08105c7745f1502ba68d900f45fd770d5bdd5288ddccb8a42d8", size = 210036, upload-time = "2026-04-02T09:26:54.975Z" },
    { url = "https://files.pythonhosted.org/packages/8c/bf/b3ab5bcb478e4193d517644b0fb2bf5497fbceeaa7a1bc0f4d5b50953861/charset_normalizer-3.4.7-cp313-cp313-musllinux_1_2_armv7l.whl", hash = "sha256:481551899c856c704d58119b5025793fa6730adda3571971af568f66d2424bb5", size = 202998, upload-time = "2026-04-02T09:26:56.303Z" },
    { url = "https://files.pythonhosted.org/packages/e7/4e/23efd79b65d314fa320ec6017b4b5834d5c12a58ba4610aa353af2e2f577/charset_normalizer-3.4.7-cp313-cp313-musllinux_1_2_ppc64le.whl", hash = "sha256:f59099f9b66f0d7145115e6f80dd8b1d847176df89b234a5a6b3f00437aa0832", size = 230056, upload-time = "2026-04-02T09:26:57.554Z" },
    { url = "https://files.pythonhosted.org/packages/b9/9f/1e1941bc3f0e01df116e68dc37a55c4d249df5e6fa77f008841aef68264f/charset_normalizer-3.4.7-cp313-cp313-musllinux_1_2_riscv64.whl", hash = "sha256:f59ad4c0e8f6bba240a9bb85504faa1ab438237199d4cce5f622761507b8f6a6", size = 211537, upload-time = "2026-04-02T09:26:58.843Z" },
    { url = "https://files.pythonhosted.org/packages/80/0f/088cbb3020d44428964a6c97fe1edfb1b9550396bf6d278330281e8b709c/charset_normalizer-3.4.7-cp313-cp313-musllinux_1_2_s390x.whl", hash = "sha256:3dedcc22d73ec993f42055eff4fcfed9318d1eeb9a6606c55892a26964964e48", size = 226176, upload-time = "2026-04-02T09:27:00.437Z" },
    { url = "https://files.pythonhosted.org/packages/6a/9f/130394f9bbe06f4f63e22641d32fc9b202b7e251c9aef4db044324dac493/charset_normalizer-3.4.7-cp313-cp313-musllinux_1_2_x86_64.whl", hash = "sha256:64f02c6841d7d83f832cd97ccf8eb8a906d06eb95d5276069175c696b024b60a", size = 217723, upload-time = "2026-04-02T09:27:02.021Z" },
    { url = "https://files.pythonhosted.org/packages/73/55/c469897448a06e49f8fa03f6caae97074fde823f432a98f979cc42b90e69/charset_normalizer-3.4.7-cp313-cp313-win32.whl", hash = "sha256:4042d5c8f957e15221d423ba781e85d553722fc4113f523f2feb7b188cc34c5e", size = 148085, upload-time = "2026-04-02T09:27:03.192Z" },
    { url = "https://files.pythonhosted.org/packages/5d/78/1b74c5bbb3f99b77a1715c91b3e0b5bdb6fe302d95ace4f5b1bec37b0167/charset_normalizer-3.4.7-cp313-cp313-win_amd64.whl", hash = "sha256:3946fa46a0cf3e4c8cb1cc52f56bb536310d34f25f01ca9b6c16afa767dab110", size = 158819, upload-time = "2026-04-02T09:27:04.454Z" },
    { url = "https://files.pythonhosted.org/packages/68/86/46bd42279d323deb8687c4a5a811fd548cb7d1de10cf6535d099877a9a9f/charset_normalizer-3.4.7-cp313-cp313-win_arm64.whl", hash = "sha256:80d04837f55fc81da168b98de4f4b797ef007fc8a79ab71c6ec9bc4dd662b15b", size = 147915, upload-time = "2026-04-02T09:27:05.971Z" },
    { url = "https://files.pythonhosted.org/packages/97/c8/c67cb8c70e19ef1960b97b22ed2a1567711de46c4ddf19799923adc836c2/charset_normalizer-3.4.7-cp314-cp314-macosx_10_15_universal2.whl", hash = "sha256:c36c333c39be2dbca264d7803333c896ab8fa7d4d6f0ab7edb7dfd7aea6e98c0", size = 309234, upload-time = "2026-04-02T09:27:07.194Z" },
    { url = "https://files.pythonhosted.org/packages/99/85/c091fdee33f20de70d6c8b522743b6f831a2f1cd3ff86de4c6a827c48a76/charset_normalizer-3.4.7-cp314-cp314-manylinux2014_aarch64.manylinux_2_17_aarch64.manylinux_2_28_aarch64.whl", hash = "sha256:1c2aed2e5e41f24ea8ef1590b8e848a79b56f3a5564a65ceec43c9d692dc7d8a", size = 208042, upload-time = "2026-04-02T09:27:08.749Z" },
    { url = "https://files.pythonhosted.org/packages/87/1c/ab2ce611b984d2fd5d86a5a8a19c1ae26acac6bad967da4967562c75114d/charset_normalizer-3.4.7-cp314-cp314-manylinux2014_ppc64le.manylinux_2_17_ppc64le.manylinux_2_28_ppc64le.whl", hash = "sha256:54523e136b8948060c0fa0bc7b1b50c32c186f2fceee897a495406bb6e311d2b", size = 228706, upload-time = "2026-04-02T09:27:09.951Z" },
    { url = "https://files.pythonhosted.org/packages/a8/29/2b1d2cb00bf085f59d29eb773ce58ec2d325430f8c216804a0a5cd83cbca/charset_normalizer-3.4.7-cp314-cp314-manylinux2014_s390x.manylinux_2_17_s390x.manylinux_2_28_s390x.whl", hash = "sha256:715479b9a2802ecac752a3b0efa2b0b60285cf962ee38414211abdfccc233b41", size = 224727, upload-time = "2026-04-02T09:27:11.175Z" },
    { url = "https://files.pythonhosted.org/packages/47/5c/032c2d5a07fe4d4855fea851209cca2b6f03ebeb6d4e3afdb3358386a684/charset_normalizer-3.4.7-cp314-cp314-manylinux2014_x86_64.manylinux_2_17_x86_64.manylinux_2_28_x86_64.whl", hash = "sha256:bd6c2a1c7573c64738d716488d2cdd3c00e340e4835707d8fdb8dc1a66ef164e", size = 215882, upload-time = "2026-04-02T09:27:12.446Z" },
    { url = "https://files.pythonhosted.org/packages/2c/c2/356065d5a8b78ed04499cae5f339f091946a6a74f91e03476c33f0ab7100/charset_normalizer-3.4.7-cp314-cp314-manylinux_2_31_armv7l.whl", hash = "sha256:c45e9440fb78f8ddabcf714b68f936737a121355bf59f3907f4e17721b9d1aae", size = 200860, upload-time = "2026-04-02T09:27:13.721Z" },
    { url = "https://files.pythonhosted.org/packages/0c/cd/a32a84217ced5039f53b29f460962abb2d4420def55afabe45b1c3c7483d/charset_normalizer-3.4.7-cp314-cp314-manylinux_2_31_riscv64.manylinux_2_39_riscv64.whl", hash = "sha256:3534e7dcbdcf757da6b85a0bbf5b6868786d5982dd959b065e65481644817a18", size = 211564, upload-time = "2026-04-02T09:27:15.272Z" },
    { url = "https://files.pythonhosted.org/packages/44/86/58e6f13ce26cc3b8f4a36b94a0f22ae2f00a72534520f4ae6857c4b81f89/charset_normalizer-3.4.7-cp314-cp314-musllinux_1_2_aarch64.whl", hash = "sha256:e8ac484bf18ce6975760921bb6148041faa8fef0547200386ea0b52b5d27bf7b", size = 211276, upload-time = "2026-04-02T09:27:16.834Z" },
    { url = "https://files.pythonhosted.org/packages/8f/fe/d17c32dc72e17e155e06883efa84514ca375f8a528ba2546bee73fc4df81/charset_normalizer-3.4.7-cp314-cp314-musllinux_1_2_armv7l.whl", hash = "sha256:a5fe03b42827c13cdccd08e6c0247b6a6d4b5e3cdc53fd1749f5896adcdc2356", size = 201238, upload-time = "2026-04-02T09:27:18.229Z" },
    { url = "https://files.pythonhosted.org/packages/6a/29/f33daa50b06525a237451cdb6c69da366c381a3dadcd833fa5676bc468b3/charset_normalizer-3.4.7-cp314-cp314-musllinux_1_2_ppc64le.whl", hash = "sha256:2d6eb928e13016cea4f1f21d1e10c1cebd5a421bc57ddf5b1142ae3f86824fab", size = 230189, upload-time = "2026-04-02T09:27:19.445Z" },
    { url = "https://files.pythonhosted.org/packages/b6/6e/52c84015394a6a0bdcd435210a7e944c5f94ea1055f5cc5d56c5fe368e7b/charset_normalizer-3.4.7-cp314-cp314-musllinux_1_2_riscv64.whl", hash = "sha256:e74327fb75de8986940def6e8dee4f127cc9752bee7355bb323cc5b2659b6d46", size = 211352, upload-time = "2026-04-02T09:27:20.79Z" },
    { url = "https://files.pythonhosted.org/packages/8c/d7/4353be581b373033fb9198bf1da3cf8f09c1082561e8e922aa7b39bf9fe8/charset_normalizer-3.4.7-cp314-cp314-musllinux_1_2_s390x.whl", hash = "sha256:d6038d37043bced98a66e68d3aa2b6a35505dc01328cd65217cefe82f25def44", size = 227024, upload-time = "2026-04-02T09:27:22.063Z" },
    { url = "https://files.pythonhosted.org/packages/30/45/99d18aa925bd1740098ccd3060e238e21115fffbfdcb8f3ece837d0ace6c/charset_normalizer-3.4.7-cp314-cp314-musllinux_1_2_x86_64.whl", hash = "sha256:7579e913a5339fb8fa133f6bbcfd8e6749696206cf05acdbdca71a1b436d8e72", size = 217869, upload-time = "2026-04-02T09:27:23.486Z" },
    { url = "https://files.pythonhosted.org/packages/5c/05/5ee478aa53f4bb7996482153d4bfe1b89e0f087f0ab6b294fcf92d595873/charset_normalizer-3.4.7-cp314-cp314-win32.whl", hash = "sha256:5b77459df20e08151cd6f8b9ef8ef1f961ef73d85c21a555c7eed5b79410ec10", size = 148541, upload-time = "2026-04-02T09:27:25.146Z" },
    { url = "https://files.pythonhosted.org/packages/48/77/72dcb0921b2ce86420b2d79d454c7022bf5be40202a2a07906b9f2a35c97/charset_normalizer-3.4.7-cp314-cp314-win_amd64.whl", hash = "sha256:92a0a01ead5e668468e952e4238cccd7c537364eb7d851ab144ab6627dbbe12f", size = 159634, upload-time = "2026-04-02T09:27:26.642Z" },
    { url = "https://files.pythonhosted.org/packages/c6/a3/c2369911cd72f02386e4e340770f6e158c7980267da16af8f668217abaa0/charset_normalizer-3.4.7-cp314-cp314-win_arm64.whl", hash = "sha256:67f6279d125ca0046a7fd386d01b311c6363844deac3e5b069b514ba3e63c246", size = 148384, upload-time = "2026-04-02T09:27:28.271Z" },
    { url = "https://files.pythonhosted.org/packages/94/09/7e8a7f73d24dba1f0035fbbf014d2c36828fc1bf9c88f84093e57d315935/charset_normalizer-3.4.7-cp314-cp314t-macosx_10_15_universal2.whl", hash = "sha256:effc3f449787117233702311a1b7d8f59cba9ced946ba727bdc329ec69028e24", size = 330133, upload-time = "2026-04-02T09:27:29.474Z" },
    { url = "https://files.pythonhosted.org/packages/8d/da/96975ddb11f8e977f706f45cddd8540fd8242f71ecdb5d18a80723dcf62c/charset_normalizer-3.4.7-cp314-cp314t-manylinux2014_aarch64.manylinux_2_17_aarch64.manylinux_2_28_aarch64.whl", hash = "sha256:fbccdc05410c9ee21bbf16a35f4c1d16123dcdeb8a1d38f33654fa21d0234f79", size = 216257, upload-time = "2026-04-02T09:27:30.793Z" },
    { url = "https://files.pythonhosted.org/packages/e5/e8/1d63bf8ef2d388e95c64b2098f45f84758f6d102a087552da1485912637b/charset_normalizer-3.4.7-cp314-cp314t-manylinux2014_ppc64le.manylinux_2_17_ppc64le.manylinux_2_28_ppc64le.whl", hash = "sha256:733784b6d6def852c814bce5f318d25da2ee65dd4839a0718641c696e09a2960", size = 234851, upload-time = "2026-04-02T09:27:32.44Z" },
    { url = "https://files.pythonhosted.org/packages/9b/40/e5ff04233e70da2681fa43969ad6f66ca5611d7e669be0246c4c7aaf6dc8/charset_normalizer-3.4.7-cp314-cp314t-manylinux2014_s390x.manylinux_2_17_s390x.manylinux_2_28_s390x.whl", hash = "sha256:a89c23ef8d2c6b27fd200a42aa4ac72786e7c60d40efdc76e6011260b6e949c4", size = 233393, upload-time = "2026-04-02T09:27:34.03Z" },
    { url = "https://files.pythonhosted.org/packages/be/c1/06c6c49d5a5450f76899992f1ee40b41d076aee9279b49cf9974d2f313d5/charset_normalizer-3.4.7-cp314-cp314t-manylinux2014_x86_64.manylinux_2_17_x86_64.manylinux_2_28_x86_64.whl", hash = "sha256:6c114670c45346afedc0d947faf3c7f701051d2518b943679c8ff88befe14f8e", size = 223251, upload-time = "2026-04-02T09:27:35.369Z" },
    { url = "https://files.pythonhosted.org/packages/2b/9f/f2ff16fb050946169e3e1f82134d107e5d4ae72647ec8a1b1446c148480f/charset_normalizer-3.4.7-cp314-cp314t-manylinux_2_31_armv7l.whl", hash = "sha256:a180c5e59792af262bf263b21a3c49353f25945d8d9f70628e73de370d55e1e1", size = 206609, upload-time = "2026-04-02T09:27:36.661Z" },
    { url = "https://files.pythonhosted.org/packages/69/d5/a527c0cd8d64d2eab7459784fb4169a0ac76e5a6fc5237337982fd61347e/charset_normalizer-3.4.7-cp314-cp314t-manylinux_2_31_riscv64.manylinux_2_39_riscv64.whl", hash = "sha256:3c9a494bc5ec77d43cea229c4f6db1e4d8fe7e1bbffa8b6f0f0032430ff8ab44", size = 220014, upload-time = "2026-04-02T09:27:38.019Z" },
    { url = "https://files.pythonhosted.org/packages/7e/80/8a7b8104a3e203074dc9aa2c613d4b726c0e136bad1cc734594b02867972/charset_normalizer-3.4.7-cp314-cp314t-musllinux_1_2_aarch64.whl", hash = "sha256:8d828b6667a32a728a1ad1d93957cdf37489c57b97ae6c4de2860fa749b8fc1e", size = 218979, upload-time = "2026-04-02T09:27:39.37Z" },
    { url = "https://files.pythonhosted.org/packages/02/9a/b759b503d507f375b2b5c153e4d2ee0a75aa215b7f2489cf314f4541f2c0/charset_normalizer-3.4.7-cp314-cp314t-musllinux_1_2_armv7l.whl", hash = "sha256:cf1493cd8607bec4d8a7b9b004e699fcf8f9103a9284cc94962cb73d20f9d4a3", size = 209238, upload-time = "2026-04-02T09:27:40.722Z" },
    { url = "https://files.pythonhosted.org/packages/c2/4e/0f3f5d47b86bdb79256e7290b26ac847a2832d9a4033f7eb2cd4bcf4bb5b/charset_normalizer-3.4.7-cp314-cp314t-musllinux_1_2_ppc64le.whl", hash = "sha256:0c96c3b819b5c3e9e165495db84d41914d6894d55181d2d108cc1a69bfc9cce0", size = 236110, upload-time = "2026-04-02T09:27:42.33Z" },
    { url = "https://files.pythonhosted.org/packages/96/23/bce28734eb3ed2c91dcf93abeb8a5cf393a7b2749725030bb630e554fdd8/charset_normalizer-3.4.7-cp314-cp314t-musllinux_1_2_riscv64.whl", hash = "sha256:752a45dc4a6934060b3b0dab47e04edc3326575f82be64bc4fc293914566503e", size = 219824, upload-time = "2026-04-02T09:27:43.924Z" },
    { url = "https://files.pythonhosted.org/packages/2c/6f/6e897c6984cc4d41af319b077f2f600fc8214eb2fe2d6bcb79141b882400/charset_normalizer-3.4.7-cp314-cp314t-musllinux_1_2_s390x.whl", hash = "sha256:8778f0c7a52e56f75d12dae53ae320fae900a8b9b4164b981b9c5ce059cd1fcb", size = 233103, upload-time = "2026-04-02T09:27:45.348Z" },
    { url = "https://files.pythonhosted.org/packages/76/22/ef7bd0fe480a0ae9b656189ec00744b60933f68b4f42a7bb06589f6f576a/charset_normalizer-3.4.7-cp314-cp314t-musllinux_1_2_x86_64.whl", hash = "sha256:ce3412fbe1e31eb81ea42f4169ed94861c56e643189e1e75f0041f3fe7020abe", size = 225194, upload-time = "2026-04-02T09:27:46.706Z" },
    { url = "https://files.pythonhosted.org/packages/c5/a7/0e0ab3e0b5bc1219bd80a6a0d4d72ca74d9250cb2382b7c699c147e06017/charset_normalizer-3.4.7-cp314-cp314t-win32.whl", hash = "sha256:c03a41a8784091e67a39648f70c5f97b5b6a37f216896d44d2cdcb82615339a0", size = 159827, upload-time = "2026-04-02T09:27:48.053Z" },
    { url = "https://files.pythonhosted.org/packages/7a/1d/29d32e0fb40864b1f878c7f5a0b343ae676c6e2b271a2d55cc3a152391da/charset_normalizer-3.4.7-cp314-cp314t-win_amd64.whl", hash = "sha256:03853ed82eeebbce3c2abfdbc98c96dc205f32a79627688ac9a27370ea61a49c", size = 174168, upload-time = "2026-04-02T09:27:49.795Z" },
    { url = "https://files.pythonhosted.org/packages/de/32/d92444ad05c7a6e41fb2036749777c163baf7a0301a040cb672d6b2b1ae9/charset_normalizer-3.4.7-cp314-cp314t-win_arm64.whl", hash = "sha256:c35abb8bfff0185efac5878da64c45dafd2b37fb0383add1be155a763c1f083d", size = 153018, upload-time = "2026-04-02T09:27:51.116Z" },
    { url = "https://files.pythonhosted.org/packages/db/8f/61959034484a4a7c527811f4721e75d02d653a35afb0b6054474d8185d4c/charset_normalizer-3.4.7-py3-none-any.whl", hash = "sha256:3dce51d0f5e7951f8bb4900c257dad282f49190fdbebecd4ba99bcc41fef404d", size = 61958, upload-time = "2026-04-02T09:28:37.794Z" },
]

[[package]]
name = "idna"
version = "3.17"
source = { registry = "https://pypi.org/simple" }
sdist = { url = "https://files.pythonhosted.org/packages/b9/28/99c51f664567218d824af024c0251650fb27e4ca066df188dab0769c5b91/idna-3.17.tar.gz", hash = "sha256:5eb0cb53bc467c12eadcf6de83163ad8527cec9416f44b9b61b19caedad2b87f", size = 196048, upload-time = "2026-05-28T14:32:38.55Z" }
wheels = [
    { url = "https://files.pythonhosted.org/packages/de/a7/f76514cc40ad6234098ecdebda08732d75964776c51a42845b7da10649e2/idna-3.17-py3-none-any.whl", hash = "sha256:466e48829084efe2548012b855df21540b96f2e20e51bd124c851536556a592c", size = 65316, upload-time = "2026-05-28T14:32:37.035Z" },
]

[[package]]
name = "isodate"
version = "0.7.2"
source = { registry = "https://pypi.org/simple" }
sdist = { url = "https://files.pythonhosted.org/packages/54/4d/e940025e2ce31a8ce1202635910747e5a87cc3a6a6bb2d00973375014749/isodate-0.7.2.tar.gz", hash = "sha256:4cd1aa0f43ca76f4a6c6c0292a85f40b35ec2e43e315b59f06e6d32171a953e6", size = 29705, upload-time = "2024-10-08T23:04:11.5Z" }
wheels = [
    { url = "https://files.pythonhosted.org/packages/15/aa/0aca39a37d3c7eb941ba736ede56d689e7be91cab5d9ca846bde3999eba6/isodate-0.7.2-py3-none-any.whl", hash = "sha256:28009937d8031054830160fce6d409ed342816b543597cece116d966c6d99e15", size = 22320, upload-time = "2024-10-08T23:04:09.501Z" },
]

[[package]]
name = "mpegdash"
version = "0.4.1"
source = { registry = "https://pypi.org/simple" }
sdist = { url = "https://files.pythonhosted.org/packages/48/10/fc39d56bce11d703617435a47843c7c33fa0f84635c6136279c9f73ecd5b/mpegdash-0.4.1.tar.gz", hash = "sha256:e31d81e1f0184cc456553ef2a4a1de1c662972b8ce04b687c1854180912759e6", size = 12665, upload-time = "2026-01-18T23:58:00.28Z" }
wheels = [
    { url = "https://files.pythonhosted.org/packages/ca/a0/7a2734a7d734d81b6627ac1c470ce388f5a80e5669d9803a5c3c179ca84f/mpegdash-0.4.1-py3-none-any.whl", hash = "sha256:788e559b73acbf9175422548c58a4c441486c0ce0633fa10f77097bfffeaad4d", size = 11009, upload-time = "2026-01-18T23:57:59.011Z" },
]

[[package]]
name = "pyaes"
version = "1.6.1"
source = { registry = "https://pypi.org/simple" }
sdist = { url = "https://files.pythonhosted.org/packages/44/66/2c17bae31c906613795711fc78045c285048168919ace2220daa372c7d72/pyaes-1.6.1.tar.gz", hash = "sha256:02c1b1405c38d3c370b085fb952dd8bea3fadcee6411ad99f312cc129c536d8f", size = 28536, upload-time = "2017-09-20T21:17:54.23Z" }

[[package]]
name = "python-dateutil"
version = "2.9.0.post0"
source = { registry = "https://pypi.org/simple" }
dependencies = [
    { name = "six" },
]
sdist = { url = "https://files.pythonhosted.org/packages/66/c0/0c8b6ad9f17a802ee498c46e004a0eb49bc148f2fd230864601a86dcf6db/python-dateutil-2.9.0.post0.tar.gz", hash = "sha256:37dd54208da7e1cd875388217d5e00ebd4179249f90fb72437e91a35459a0ad3", size = 342432, upload-time = "2024-03-01T18:36:20.211Z" }
wheels = [
    { url = "https://files.pythonhosted.org/packages/ec/57/56b9bcc3c9c6a792fcbaf139543cee77261f3651ca9da0c93f5c1221264b/python_dateutil-2.9.0.post0-py2.py3-none-any.whl", hash = "sha256:a8b2bc7bffae282281c8140a97d3aa9c14da0b136dfe83f850eea9a5f7470427", size = 229892, upload-time = "2024-03-01T18:36:18.57Z" },
]

[[package]]
name = "rapidfuzz"
version = "3.14.5"
source = { registry = "https://pypi.org/simple" }
sdist = { url = "https://files.pythonhosted.org/packages/2c/21/ef6157213316e85790041254259907eb722e00b03480256c0545d98acd33/rapidfuzz-3.14.5.tar.gz", hash = "sha256:ba10ac57884ce82112f7ed910b67e7fb6072d8ef2c06e30dc63c0f604a112e0e", size = 57901753, upload-time = "2026-04-07T11:16:31.931Z" }
wheels = [
    { url = "https://files.pythonhosted.org/packages/11/66/252803f2010ba699618cdc048b6e1f7cc1f433c08b4a9a17579b92ab0142/rapidfuzz-3.14.5-cp313-cp313-macosx_10_13_x86_64.whl", hash = "sha256:ebd8fd343bf8492a1e60bcb6dc99f90f74f65d98d8241a6b3e1fed225b76ecd6", size = 1940205, upload-time = "2026-04-07T11:14:40.319Z" },
    { url = "https://files.pythonhosted.org/packages/ea/59/b2afd98e41af9cd54554a4c1c423d84cdd60e6b1c0a09496f033b55f60ec/rapidfuzz-3.14.5-cp313-cp313-macosx_11_0_arm64.whl", hash = "sha256:6737b35d5af7479c5bf9710f7b17edd9d2c43128d974d25fb4ea653e42c64609", size = 1159639, upload-time = "2026-04-07T11:14:42.52Z" },
    { url = "https://files.pythonhosted.org/packages/a3/31/7aa7e62c4c516a7af322ed0c4f0774208b72d457d0cfec808bad0df12f4a/rapidfuzz-3.14.5-cp313-cp313-manylinux_2_26_aarch64.manylinux_2_28_aarch64.whl", hash = "sha256:b002c7994cc9f2bc9d9856f0fbaee6e8072c983873846c92f25cefba5b2a925f", size = 1367194, upload-time = "2026-04-07T11:14:44.25Z" },
    { url = "https://files.pythonhosted.org/packages/90/79/2fc252a63bc91d3c3b234d0a3a6ad4ebc460037a23cdcdaf9285f986e6c9/rapidfuzz-3.14.5-cp313-cp313-manylinux_2_27_x86_64.manylinux_2_28_x86_64.whl", hash = "sha256:17a34330cd2a538c1ce5d400b61ba358c5b72c654b928ff87b362e88f8b864c7", size = 3151805, upload-time = "2026-04-07T11:14:46.21Z" },
    { url = "https://files.pythonhosted.org/packages/17/54/0c83508f2683ea70e2d05f8527eb07328acf7bb1e9d97a3bece5702378e7/rapidfuzz-3.14.5-cp313-cp313-manylinux_2_39_riscv64.whl", hash = "sha256:95d937e74c1a7a1287dfb03b62a827be08ede10a155cf1af73bbf47f2b73ee6e", size = 1455667, upload-time = "2026-04-07T11:14:47.991Z" },
    { url = "https://files.pythonhosted.org/packages/71/1b/070175e873177814d58850a01ebe80e20ae11e93eb4da894d563988660fa/rapidfuzz-3.14.5-cp313-cp313-musllinux_1_2_aarch64.whl", hash = "sha256:46b92a9970dcc34f0096901c792644094cab49554ac3547f35e3aebbdf0a3610", size = 2388246, upload-time = "2026-04-07T11:14:50.098Z" },
    { url = "https://files.pythonhosted.org/packages/c9/dd/77caf7aaf9c2be050ad1f128d7c24ff0f59079aa62c5f62f9df41c0af45e/rapidfuzz-3.14.5-cp313-cp313-musllinux_1_2_riscv64.whl", hash = "sha256:e012177c8e8a8a0754ae0d6027d63042aa5ff036d9f40f07cb3466a6082e21b8", size = 2494333, upload-time = "2026-04-07T11:14:52.303Z" },
    { url = "https://files.pythonhosted.org/packages/2c/e2/dd7e1f2aa31a8fbbfc16b0610af1d770ffaf1287490f3c8c5b1c52da264f/rapidfuzz-3.14.5-cp313-cp313-musllinux_1_2_x86_64.whl", hash = "sha256:a2ae6f53f99c9a0eca7a0afc5b4e45fc73bc1dd4ac74c00509031d76df80ed98", size = 4258579, upload-time = "2026-04-07T11:14:54.538Z" },
    { url = "https://files.pythonhosted.org/packages/9c/0a/ac99e1ba347ba0e85e0bb60b74231d55fb93c0eff43f2920ccb413d0be08/rapidfuzz-3.14.5-cp313-cp313-win32.whl", hash = "sha256:4a60f0057231188e3bd30216f7b4e0f279b11fa4ec818bb6c1d9f014d1562fbc", size = 1709231, upload-time = "2026-04-07T11:14:56.524Z" },
    { url = "https://files.pythonhosted.org/packages/cf/cb/0e251d731b3166378644238e8f0cf9e89858c024e19f75ca9f7e3ae83fd5/rapidfuzz-3.14.5-cp313-cp313-win_amd64.whl", hash = "sha256:11bfc2ed8fbe4ab86bd516fadefab126f90e6dcadffa761739fcb304707dfd35", size = 1538519, upload-time = "2026-04-07T11:14:58.635Z" },
    { url = "https://files.pythonhosted.org/packages/30/6f/4548132acc947db6d5346a248e44a8b3a22d608ef30e770fb578caaf2d00/rapidfuzz-3.14.5-cp313-cp313-win_arm64.whl", hash = "sha256:b486b5218808f6f4dc471b114b1054e63553db69705c97da0271f47bd706aedd", size = 812628, upload-time = "2026-04-07T11:15:00.552Z" },
    { url = "https://files.pythonhosted.org/packages/00/60/69b177577290c5eab892c6f75fe89c3aff3f9ae80298a78d9372b1cecb9a/rapidfuzz-3.14.5-cp313-cp313t-macosx_10_13_x86_64.whl", hash = "sha256:39ef8658aaf67d51667e7bdaf7096f432333377d8302ac43c70b5df8a4cf89b8", size = 1970231, upload-time = "2026-04-07T11:15:02.603Z" },
    { url = "https://files.pythonhosted.org/packages/48/38/2fd790052659cc4e2907b63c25433f0987864b445c1aeec1a302ef5ad948/rapidfuzz-3.14.5-cp313-cp313t-macosx_11_0_arm64.whl", hash = "sha256:9ad37a0be705b544af6296da8edddc260d10a8ae5462530fc9991f66498bb1f9", size = 1194394, upload-time = "2026-04-07T11:15:04.572Z" },
    { url = "https://files.pythonhosted.org/packages/80/f4/28430ad8472fc3536e8ebd51a864a226e979cfe924c6e3f83d111373aa74/rapidfuzz-3.14.5-cp313-cp313t-manylinux_2_26_aarch64.manylinux_2_28_aarch64.whl", hash = "sha256:d45e06f60729e07d9b20c205f7e5cff90b6ef2584e852eecf46e045aea69627d", size = 1377051, upload-time = "2026-04-07T11:15:06.728Z" },
    { url = "https://files.pythonhosted.org/packages/77/7e/9aeacabcfd1e77397968362e5b98fe14248b8307011136b17daf99752a8e/rapidfuzz-3.14.5-cp313-cp313t-manylinux_2_27_x86_64.manylinux_2_28_x86_64.whl", hash = "sha256:e52da10236aa6212de71b9e170bace65b64b129c0dea7fc243d6c9ce976f5074", size = 3160565, upload-time = "2026-04-07T11:15:08.667Z" },
    { url = "https://files.pythonhosted.org/packages/56/f4/db4dd7be0cd2f2022117ac5407d905f435d60e48baaea313a567ad27e865/rapidfuzz-3.14.5-cp313-cp313t-manylinux_2_39_riscv64.whl", hash = "sha256:440d30faaf682ca496170a7f0cc5453ec942e3e079f0fd802c9a7f938dfb50a3", size = 1442113, upload-time = "2026-04-07T11:15:11.138Z" },
    { url = "https://files.pythonhosted.org/packages/a4/99/0e9f6aa57f3e32a767216f797e56dc96b720fcecfb9d8ee907ecc82f8d66/rapidfuzz-3.14.5-cp313-cp313t-musllinux_1_2_aarch64.whl", hash = "sha256:56227a61fd3d17b0cd9793132431f3a3d07c8654be96794ba9f89fe0fc8b2d09", size = 2396618, upload-time = "2026-04-07T11:15:13.154Z" },
    { url = "https://files.pythonhosted.org/packages/60/94/44a78e39ffce17cbdd3e2b53b696acc751d5d153be0f499d052b07a4d904/rapidfuzz-3.14.5-cp313-cp313t-musllinux_1_2_riscv64.whl", hash = "sha256:2e83cd2e25bb4edd97b689d9979d9c3acccdaaf26ceac08212ceece202febcfa", size = 2478220, upload-time = "2026-04-07T11:15:15.193Z" },
    { url = "https://files.pythonhosted.org/packages/dd/df/454311469a09a507e9d784a35796742bec22e4cebe75551e2da4e0e290fd/rapidfuzz-3.14.5-cp313-cp313t-musllinux_1_2_x86_64.whl", hash = "sha256:af3b859726cd3374287e405e14b9634563c078c5531a4f62375508addebddad1", size = 4265027, upload-time = "2026-04-07T11:15:17.28Z" },
    { url = "https://files.pythonhosted.org/packages/fc/01/175465a9ab3e3b70ba669058372f009d1d49c1746e2dcd56b69df188d3a5/rapidfuzz-3.14.5-cp313-cp313t-win32.whl", hash = "sha256:8ce1d850b3c0178440efde9e884d98421b5e87ff925f364d6d79e23910d7593f", size = 1766814, upload-time = "2026-04-07T11:15:19.687Z" },
    { url = "https://files.pythonhosted.org/packages/1b/a0/a9b84a47af06ebed94a1439eb2f02adebfb8628bcd30af1fe3e02f5ef56c/rapidfuzz-3.14.5-cp313-cp313t-win_amd64.whl", hash = "sha256:c84af70bcf34e99aee894e46a0f1ac77f17d0ef828179c387407642e2466d28a", size = 1582448, upload-time = "2026-04-07T11:15:21.98Z" },
    { url = "https://files.pythonhosted.org/packages/1e/f1/5937800238b3f8248e70860d79f69ba8f73e764fff47e36bc9e2f26dbcc6/rapidfuzz-3.14.5-cp313-cp313t-win_arm64.whl", hash = "sha256:aac0ad28c686a5e72b81668b906c030ee28050b244544b8af68e12fb32543895", size = 832932, upload-time = "2026-04-07T11:15:24.358Z" },
    { url = "https://files.pythonhosted.org/packages/81/41/aa3ffb3355e62e1bf91f6599b3092e866bc88487a07c524004943c7676df/rapidfuzz-3.14.5-cp314-cp314-macosx_10_15_x86_64.whl", hash = "sha256:1a31cc6d7d03e7318a0974c038959c59e19c752b81115f2e9138b3331cd64d45", size = 1943327, upload-time = "2026-04-07T11:15:26.266Z" },
    { url = "https://files.pythonhosted.org/packages/2d/e1/c2141f1840a41e07ad2db6f724945f8f8ff3065463899a22939152dd6e09/rapidfuzz-3.14.5-cp314-cp314-macosx_11_0_arm64.whl", hash = "sha256:0298d357e2bc59d572da4db0bc631009b6f8f6c9bc8c11e99a12b833f16b6575", size = 1161755, upload-time = "2026-04-07T11:15:28.659Z" },
    { url = "https://files.pythonhosted.org/packages/ca/07/66e753eeaa353161d1d331b7dd517bb349b0bacfebe8496d7b26be26f81f/rapidfuzz-3.14.5-cp314-cp314-manylinux_2_26_aarch64.manylinux_2_28_aarch64.whl", hash = "sha256:59b3dba758661a318995655435c6ab20a04ade79fa51e75bc8dc107cac8df280", size = 1376571, upload-time = "2026-04-07T11:15:31.225Z" },
    { url = "https://files.pythonhosted.org/packages/c8/85/9535df0b78ba51f478c9ce7eb6d1f85535cc31fe356773b48fd9d3e563ca/rapidfuzz-3.14.5-cp314-cp314-manylinux_2_27_x86_64.manylinux_2_28_x86_64.whl", hash = "sha256:4900143d82071bdda533b00300c40b14b963ff826b3642cc463b6dd0f036585e", size = 3156468, upload-time = "2026-04-07T11:15:33.428Z" },
    { url = "https://files.pythonhosted.org/packages/81/ee/b667eb93bba6dc4e0de658edd778e1619dc4d6aab68fa5e5c7f075152735/rapidfuzz-3.14.5-cp314-cp314-manylinux_2_39_riscv64.whl", hash = "sha256:feedf219672eef83ea6be6f3bb093bba396a8560fc75be85ba225f082903df0a", size = 1458311, upload-time = "2026-04-07T11:15:35.557Z" },
    { url = "https://files.pythonhosted.org/packages/7d/ce/479074f5624364a48df3403c538797ef22d3ac49c19dc76c3f79fcdcc70c/rapidfuzz-3.14.5-cp314-cp314-musllinux_1_2_aarch64.whl", hash = "sha256:419e4397a36e2665ec992d8d64c20ba4b2a42500c76ecadeca78a4f19cb9cc32", size = 2398228, upload-time = "2026-04-07T11:15:37.669Z" },
    { url = "https://files.pythonhosted.org/packages/0b/15/a8982f649150fffbdcd6f17565974501f6ab33b2795267bffbd4a7ba905b/rapidfuzz-3.14.5-cp314-cp314-musllinux_1_2_riscv64.whl", hash = "sha256:97131ab2be39043054ee28d99e09efe316e6d53449b7e962dfcf3c2de8b2b246", size = 2497226, upload-time = "2026-04-07T11:15:39.857Z" },
    { url = "https://files.pythonhosted.org/packages/19/52/5267c03ef6759831b7d4625a0c9c06e87baa2fae084b61ac9c388858317b/rapidfuzz-3.14.5-cp314-cp314-musllinux_1_2_x86_64.whl", hash = "sha256:593c00dac4e30231c35bf3b4f1da8ec0998762e9e94425586a5d636fcd57f9d0", size = 4262283, upload-time = "2026-04-07T11:15:42.279Z" },
    { url = "https://files.pythonhosted.org/packages/71/c0/2579f343a97f5254c43bb5853baccc01488357dcb64a27bcb869b7888a4a/rapidfuzz-3.14.5-cp314-cp314-win32.whl", hash = "sha256:0084b687b02b4e569b46d8d6d4ad25659528e6081cd6d067ca453a69035f07e4", size = 1744614, upload-time = "2026-04-07T11:15:44.498Z" },
    { url = "https://files.pythonhosted.org/packages/17/eb/8edfed1e80119dc9c35b11df4bc701eea85622ad681fff0263b6961d3224/rapidfuzz-3.14.5-cp314-cp314-win_amd64.whl", hash = "sha256:5dfa89d78f22cd773054caff44827b846161a29f2dcf7e78b8f90d086621e502", size = 1588971, upload-time = "2026-04-07T11:15:46.86Z" },
    { url = "https://files.pythonhosted.org/packages/f6/04/5676df93c85cfa57a3045d8047318df9f3cd58c7b8a99340dd95f874795e/rapidfuzz-3.14.5-cp314-cp314-win_arm64.whl", hash = "sha256:67f3f9d2b444268ab53e47d31bab89954888d23c04c6789f2c727e51fe4b1d13", size = 834985, upload-time = "2026-04-07T11:15:49.411Z" },
    { url = "https://files.pythonhosted.org/packages/f7/0d/4a8988cea658fe335048ddef8c876addff1b6daa3c9ca8ad65a5a2196e69/rapidfuzz-3.14.5-cp314-cp314t-macosx_10_15_x86_64.whl", hash = "sha256:77eac0526899b3c3ad1454bb2b03cdb491d67358ec8ef0c9c48bd61b632b431d", size = 1972517, upload-time = "2026-04-07T11:15:51.819Z" },
    { url = "https://files.pythonhosted.org/packages/1c/a3/f5cfd9965a9d9a9e32249159797c47b5d6299ea6d1629f9126b25f1c10a3/rapidfuzz-3.14.5-cp314-cp314t-macosx_11_0_arm64.whl", hash = "sha256:b9c6bd754d11f6e78ac54e3d86b4b11dc1ba2f13e5fc958899574532897f5a99", size = 1196056, upload-time = "2026-04-07T11:15:54.292Z" },
    { url = "https://files.pythonhosted.org/packages/64/07/561c2e40cfd10e6630a7b0ac5a2a813aef50d944bcd1f3d260319d659d5b/rapidfuzz-3.14.5-cp314-cp314t-manylinux_2_26_aarch64.manylinux_2_28_aarch64.whl", hash = "sha256:738c96944d076deeaff70e92b65696ab4f7ecb8081d7791c5403a3257dfaf8ff", size = 1374732, upload-time = "2026-04-07T11:15:56.584Z" },
    { url = "https://files.pythonhosted.org/packages/c2/39/123bb94fee40e2fb3b7c49b80827c7ef42d838e18def3fc2fef5a3cf817a/rapidfuzz-3.14.5-cp314-cp314t-manylinux_2_27_x86_64.manylinux_2_28_x86_64.whl", hash = "sha256:f4c1bca487a17fe4226b4ffb2d30e799d2b274d692cffa76bd0746f56235fca3", size = 3166902, upload-time = "2026-04-07T11:15:58.768Z" },
    { url = "https://files.pythonhosted.org/packages/75/0a/45716fafc9fd2e028cf20b5ac5bc704887081cd312f84edb0e325599414b/rapidfuzz-3.14.5-cp314-cp314t-manylinux_2_39_riscv64.whl", hash = "sha256:af6a90a4ed2a48fa1a2d17e9d824e6c7c950bea5bad0b707c77fd55751e6bfef", size = 1452130, upload-time = "2026-04-07T11:16:01.453Z" },
    { url = "https://files.pythonhosted.org/packages/ca/49/4e96c413114398481c0a5b0086af32c364a18613c9a2ea578d17c4bea4ee/rapidfuzz-3.14.5-cp314-cp314t-musllinux_1_2_aarch64.whl", hash = "sha256:bf5018938208d4597b2e679a4f8cff9fd252f1df53583130ae56281a21801b64", size = 2396308, upload-time = "2026-04-07T11:16:03.588Z" },
    { url = "https://files.pythonhosted.org/packages/89/b7/49fea9fc6878d59bd259d01dd1972d9b86117992b1c66d9b16f0a65273c3/rapidfuzz-3.14.5-cp314-cp314t-musllinux_1_2_riscv64.whl", hash = "sha256:c0919d1f89ddf91129906705723118ea09754171e4116f5a5dbc667c7bc9b261", size = 2488210, upload-time = "2026-04-07T11:16:05.871Z" },
    { url = "https://files.pythonhosted.org/packages/0c/44/a1f732b93ffacbdad077b7c801149549b2938e1bece6addb5ad85ed74df8/rapidfuzz-3.14.5-cp314-cp314t-musllinux_1_2_x86_64.whl", hash = "sha256:93d8da883a35116d6813432177f35e570db5b0a5e30ecb0cbd7cb39c815735df", size = 4270621, upload-time = "2026-04-07T11:16:08.483Z" },
    { url = "https://files.pythonhosted.org/packages/bb/ce/ff942d19fce5385054650bb71a58495ddda299d94661ccc4e6e7fa44868b/rapidfuzz-3.14.5-cp314-cp314t-win32.whl", hash = "sha256:0f23e37019ec07712d58976b1ab2b889f8649a7f7c2f626a2f34ea9139e79279", size = 1803950, upload-time = "2026-04-07T11:16:10.873Z" },
    { url = "https://files.pythonhosted.org/packages/5c/0f/9aafc63f9661222b819b391c187eed29fc90ad5935f9690e5ecc2d2047a4/rapidfuzz-3.14.5-cp314-cp314t-win_amd64.whl", hash = "sha256:7d5ca9c7832e6879a707296d1463685f7c243a27846227044504741640caec66", size = 1632357, upload-time = "2026-04-07T11:16:13.1Z" },
    { url = "https://files.pythonhosted.org/packages/70/a6/51fc1b0e61e3326e1c68a61cfd0c6b3c34c843681c4b1eefbf0596f59162/rapidfuzz-3.14.5-cp314-cp314t-win_arm64.whl", hash = "sha256:3e91dcd2549b8f8d843f98ba03a17e01f3d8b72ce942adbbb6761bc58ffce813", size = 855409, upload-time = "2026-04-07T11:16:15.787Z" },
]

[[package]]
name = "ratelimit"
version = "2.2.1"
source = { registry = "https://pypi.org/simple" }
sdist = { url = "https://files.pythonhosted.org/packages/ab/38/ff60c8fc9e002d50d48822cc5095deb8ebbc5f91a6b8fdd9731c87a147c9/ratelimit-2.2.1.tar.gz", hash = "sha256:af8a9b64b821529aca09ebaf6d8d279100d766f19e90b5059ac6a718ca6dee42", size = 5251, upload-time = "2018-12-17T18:55:49.675Z" }

[[package]]
name = "requests"
version = "2.34.2"
source = { registry = "https://pypi.org/simple" }
dependencies = [
    { name = "certifi" },
    { name = "charset-normalizer" },
    { name = "idna" },
    { name = "urllib3" },
]
sdist = { url = "https://files.pythonhosted.org/packages/ac/c3/e2a2b89f2d3e2179abd6d00ebd70bff6273f37fb3e0cc209f48b39d00cbf/requests-2.34.2.tar.gz", hash = "sha256:f288924cae4e29463698d6d60bc6a4da69c89185ad1e0bcc4104f584e960b9ed", size = 142856, upload-time = "2026-05-14T19:25:27.735Z" }
wheels = [
    { url = "https://files.pythonhosted.org/packages/a0/f4/c67b0b3f1b9245e8d266f0f112c500d50e5b4e83cb6f3b71b6528104182a/requests-2.34.2-py3-none-any.whl", hash = "sha256:2a0d60c172f83ac6ab31e4554906c0f3b3588d37b5cb939b1c061f4907e278e0", size = 73075, upload-time = "2026-05-14T19:25:26.443Z" },
]

[[package]]
name = "six"
version = "1.17.0"
source = { registry = "https://pypi.org/simple" }
sdist = { url = "https://files.pythonhosted.org/packages/94/e7/b2c673351809dca68a0e064b6af791aa332cf192da575fd474ed7d6f16a2/six-1.17.0.tar.gz", hash = "sha256:ff70335d468e7eb6ec65b95b99d3a2836546063f63acc5171de367e834932a81", size = 34031, upload-time = "2024-12-04T17:35:28.174Z" }
wheels = [
    { url = "https://files.pythonhosted.org/packages/b7/ce/149a00dd41f10bc29e5921b496af8b574d8413afcd5e30dfa0ed46c2cc5e/six-1.17.0-py2.py3-none-any.whl", hash = "sha256:4721f391ed90541fddacab5acf947aa0d3dc7d27b2e1e8eda2be8970586c3274", size = 11050, upload-time = "2024-12-04T17:35:26.475Z" },
]

[[package]]
name = "tidalapi"
version = "0.8.11"
source = { registry = "https://pypi.org/simple" }
dependencies = [
    { name = "isodate" },
    { name = "mpegdash" },
    { name = "pyaes" },
    { name = "python-dateutil" },
    { name = "ratelimit" },
    { name = "requests" },
    { name = "typing-extensions" },
]
sdist = { url = "https://files.pythonhosted.org/packages/80/ab/5552d1ba6e4abb627a018cd14e3253fdf3dbfd28bba59f430401368f455a/tidalapi-0.8.11.tar.gz", hash = "sha256:c8dea8c382be37be12413665c8b81a516ecd6e97c0997a565f2ae1b21a2ed165", size = 58372, upload-time = "2026-01-19T19:34:36.899Z" }
wheels = [
    { url = "https://files.pythonhosted.org/packages/a0/dc/11ae1f4150754e82234a56ed4d94d5c326022502ce3f1e6e214f569c5c3e/tidalapi-0.8.11-py3-none-any.whl", hash = "sha256:1ed2485bb4634907afc434163fba22dc8a323d90cc92306973ab68bcdfef5c54", size = 64279, upload-time = "2026-01-19T19:34:35.501Z" },
]

[[package]]
name = "tidaltonav"
version = "0.1.0"
source = { virtual = "." }
dependencies = [
    { name = "rapidfuzz" },
    { name = "requests" },
    { name = "tidalapi" },
]

[package.metadata]
requires-dist = [
    { name = "rapidfuzz", specifier = ">=3.14.5" },
    { name = "requests", specifier = ">=2.34.2" },
    { name = "tidalapi", specifier = ">=0.8.11" },
]

[[package]]
name = "typing-extensions"
version = "4.15.0"
source = { registry = "https://pypi.org/simple" }
sdist = { url = "https://files.pythonhosted.org/packages/72/94/1a15dd82efb362ac84269196e94cf00f187f7ed21c242792a923cdb1c61f/typing_extensions-4.15.0.tar.gz", hash = "sha256:0cea48d173cc12fa28ecabc3b837ea3cf6f38c6d1136f85cbaaf598984861466", size = 109391, upload-time = "2025-08-25T13:49:26.313Z" }
wheels = [
    { url = "https://files.pythonhosted.org/packages/18/67/36e9267722cc04a6b9f15c7f3441c2363321a3ea07da7ae0c0707beb2a9c/typing_extensions-4.15.0-py3-none-any.whl", hash = "sha256:f0fa19c6845758ab08074a0cfa8b7aecb71c999ca73d62883bc25cc018c4e548", size = 44614, upload-time = "2025-08-25T13:49:24.86Z" },
]

[[package]]
name = "urllib3"
version = "2.7.0"
source = { registry = "https://pypi.org/simple" }
sdist = { url = "https://files.pythonhosted.org/packages/53/0c/06f8b233b8fd13b9e5ee11424ef85419ba0d8ba0b3138bf360be2ff56953/urllib3-2.7.0.tar.gz", hash = "sha256:231e0ec3b63ceb14667c67be60f2f2c40a518cb38b03af60abc813da26505f4c", size = 433602, upload-time = "2026-05-07T16:13:18.596Z" }
wheels = [
    { url = "https://files.pythonhosted.org/packages/7f/3e/5db95bcf282c52709639744ca2a8b149baccf648e39c8cc87553df9eae0c/urllib3-2.7.0-py3-none-any.whl", hash = "sha256:9fb4c81ebbb1ce9531cce37674bbc6f1360472bc18ca9a553ede278ef7276897", size = 131087, upload-time = "2026-05-07T16:13:17.151Z" },
]
